
Microsoft Visual Studio Solution File, Format Version 12.00
# Visual Studio Version 17
VisualStudioVersion = 17.2.32616.157
MinimumVisualStudioVersion = 10.0.40219.1
Project("{FAE04EC0-301F-11D3-BF4B-00C04F79EFBC}") = "Hello_World_4", "Hello_World_4\Hello_World_4.csproj", "{31EC0B41-127F-47D0-8A3D-8C8515E205F2}"
EndProject
Global
	GlobalSection(SolutionConfigurationPlatforms) = preSolution
		Debug|Any CPU = Debug|Any CPU
		Release|Any CPU = Release|Any CPU
	EndGlobalSection
	GlobalSection(ProjectConfigurationPlatforms) = postSolution
		{31EC0B41-127F-47D0-8A3D-8C8515E205F2}.Debug|Any CPU.ActiveCfg = Debug|Any CPU
		{31EC0B41-127F-47D0-8A3D-8C8515E205F2}.Debug|Any CPU.Build.0 = Debug|Any CPU
		{31EC0B41-127F-47D0-8A3D-8C8515E205F2}.Release|Any CPU.ActiveCfg = Release|Any CPU
		{31EC0B41-127F-47D0-8A3D-8C8515E205F2}.Release|Any CPU.Build.0 = Release|Any CPU
	EndGlobalSection
	GlobalSection(SolutionProperties) = preSolution
		HideSolutionNode = FALSE
	EndGlobalSection
	GlobalSection(ExtensibilityGlobals) = postSolution
		SolutionGuid = {110F190A-A1A6-4EE9-8042-E88EB4B0311B}
	EndGlobalSection
EndGlobal
