
Microsoft Visual Studio Solution File, Format Version 12.00
# Visual Studio Version 17
VisualStudioVersion = 17.2.32616.157
MinimumVisualStudioVersion = 10.0.40219.1
Project("{9A19103F-16F7-4668-BE54-9A1E7A4F7556}") = "HashTableCustom", "HashTableCustom\HashTableCustom.csproj", "{53A2E85B-2255-4AF6-AC29-2EB272E8E220}"
EndProject
Project("{FAE04EC0-301F-11D3-BF4B-00C04F79EFBC}") = "HashTableTests", "HashTableTests\HashTableTests.csproj", "{B17E7551-DEF8-463C-A3A5-7570ABBE226F}"
EndProject
Global
	GlobalSection(SolutionConfigurationPlatforms) = preSolution
		Debug|Any CPU = Debug|Any CPU
		Release|Any CPU = Release|Any CPU
	EndGlobalSection
	GlobalSection(ProjectConfigurationPlatforms) = postSolution
		{53A2E85B-2255-4AF6-AC29-2EB272E8E220}.Debug|Any CPU.ActiveCfg = Debug|Any CPU
		{53A2E85B-2255-4AF6-AC29-2EB272E8E220}.Debug|Any CPU.Build.0 = Debug|Any CPU
		{53A2E85B-2255-4AF6-AC29-2EB272E8E220}.Release|Any CPU.ActiveCfg = Release|Any CPU
		{53A2E85B-2255-4AF6-AC29-2EB272E8E220}.Release|Any CPU.Build.0 = Release|Any CPU
		{B17E7551-DEF8-463C-A3A5-7570ABBE226F}.Debug|Any CPU.ActiveCfg = Debug|Any CPU
		{B17E7551-DEF8-463C-A3A5-7570ABBE226F}.Debug|Any CPU.Build.0 = Debug|Any CPU
		{B17E7551-DEF8-463C-A3A5-7570ABBE226F}.Release|Any CPU.ActiveCfg = Release|Any CPU
		{B17E7551-DEF8-463C-A3A5-7570ABBE226F}.Release|Any CPU.Build.0 = Release|Any CPU
	EndGlobalSection
	GlobalSection(SolutionProperties) = preSolution
		HideSolutionNode = FALSE
	EndGlobalSection
	GlobalSection(ExtensibilityGlobals) = postSolution
		SolutionGuid = {AF46FB9B-57BC-489A-9BA2-0A3BABABFAAC}
	EndGlobalSection
EndGlobal
